lockfileVersion: '9.0'

settings:
  autoInstallPeers: true
  excludeLinksFromLockfile: false

importers:

  .:
    dependencies:
      dbus:
        specifier: ^1.0.7
        version: 1.0.7
      discord-rpc:
        specifier: github:mrhappyma/discord-rpc
        version: https://codeload.github.com/mrhappyma/discord-rpc/tar.gz/bdca9080b0b04148fc5de94e0a2a8c0e3401e495
    devDependencies:
      '@types/bun':
        specifier: latest
        version: 1.1.14
      '@types/dbus':
        specifier: ^1.0.9
        version: 1.0.9
      '@types/discord-rpc':
        specifier: ^4.0.8
        version: 4.0.8
      '@types/node':
        specifier: ^22.10.0
        version: 22.10.0
      typescript:
        specifier: ^5.7.2
        version: 5.7.2

packages:

  '@types/bun@1.1.14':
    resolution: {integrity: sha512-opVYiFGtO2af0dnWBdZWlioLBoxSdDO5qokaazLhq8XQtGZbY4pY3/JxY8Zdf/hEwGubbp7ErZXoN1+h2yesxA==}

  '@types/dbus@1.0.9':
    resolution: {integrity: sha512-cpXBYPVv6PGXNdb6LfuMgTC4wRFeWSjbkQ4HhwhSkUhmewD1uM/zxWCrmrlwucqpk6iDojlDPXJQ9CAF8+XRpg==}

  '@types/discord-rpc@4.0.8':
    resolution: {integrity: sha512-1tZf217Natkj+TziNXRRLwNmdm5GNa1bnrQr8VWowquo/Su5hMjdhobj8URxW1COMk2da28XCU1ahsYCAlxirA==}

  '@types/events@3.0.3':
    resolution: {integrity: sha512-trOc4AAUThEz9hapPtSd7wf5tiQKvTtu5b371UxXdTuqzIh0ArcRspRP0i0Viu+LXstIQ1z96t1nsPxT9ol01g==}

  '@types/node@20.12.14':
    resolution: {integrity: sha512-scnD59RpYD91xngrQQLGkE+6UrHUPzeKZWhhjBSa3HSkwjbQc38+q3RoIVEwxQGRw3M+j5hpNAM+lgV3cVormg==}

  '@types/node@22.10.0':
    resolution: {integrity: sha512-XC70cRZVElFHfIUB40FgZOBbgJYFKKMa5nb9lxcwYstFG/Mi+/Y0bGS+rs6Dmhmkpq4pnNiLiuZAbc02YCOnmA==}

  '@types/ws@8.5.13':
    resolution: {integrity: sha512-osM/gWBTPKgHV8XkTunnegTRIsvF6owmf5w+JtAfOw472dptdm0dlGv4xCt6GwQRcC2XVOvvRE/0bAoQcL2QkA==}

  bindings@1.5.0:
    resolution: {integrity: sha512-p2q/t/mhvuOj/UeLlV6566GD/guowlr0hHxClI0W9m7MWYkL1F0hLo+0Aexs9HSPCtR1SXQ0TD3MMKrXZajbiQ==}

  bun-types@1.1.37:
    resolution: {integrity: sha512-C65lv6eBr3LPJWFZ2gswyrGZ82ljnH8flVE03xeXxKhi2ZGtFiO4isRKTKnitbSqtRAcaqYSR6djt1whI66AbA==}

  dbus@1.0.7:
    resolution: {integrity: sha512-qba6/ajLoqzCy3Kl3aFgLXLP4TTf0qfgNjib1qoCJG/8HbSs0lDvxkz4nJU63CURZVzxvpK/VpQpT40KA8Kr3A==}
    engines: {node: '>= 0.12.0'}
    os: ['!win32']

  discord-rpc@https://codeload.github.com/mrhappyma/discord-rpc/tar.gz/bdca9080b0b04148fc5de94e0a2a8c0e3401e495:
    resolution: {tarball: https://codeload.github.com/mrhappyma/discord-rpc/tar.gz/bdca9080b0b04148fc5de94e0a2a8c0e3401e495}
    version: 4.0.1

  file-uri-to-path@1.0.0:
    resolution: {integrity: sha512-0Zt+s3L7Vf1biwWZ29aARiVYLx7iMGnEUl9x33fbB/j3jR81u/O2LbqK+Bm1CDSNDKVtJ/YjwY7TUd5SkeLQLw==}

  nan@2.22.0:
    resolution: {integrity: sha512-nbajikzWTMwsW+eSsNm3QwlOs7het9gGJU5dDZzRTQGk03vyBOauxgI4VakDzE0PtsGTmXPsXTbbjVhRwR5mpw==}

  node-addon-api@1.7.2:
    resolution: {integrity: sha512-ibPK3iA+vaY1eEjESkQkM0BbCqFOaZMiXRTtdB0u7b4djtY6JnsjvPdUHVMg6xQt3B8fpTTWHI9A+ADjM9frzg==}

  node-fetch@2.7.0:
    resolution: {integrity: sha512-c4FRfUm/dbcWZ7U+1Wq0AwCyFL+3nt2bEw05wfxSz+DWpWsitgmSgYmy2dQdWyKC1694ELPqMs/YzUSNozLt8A==}
    engines: {node: 4.x || >=6.0.0}
    peerDependencies:
      encoding: ^0.1.0
    peerDependenciesMeta:
      encoding:
        optional: true

  register-scheme@https://codeload.github.com/devsnek/node-register-scheme/tar.gz/e7cc9a63a1f512565da44cb57316d9fb10750e17:
    resolution: {tarball: https://codeload.github.com/devsnek/node-register-scheme/tar.gz/e7cc9a63a1f512565da44cb57316d9fb10750e17}
    version: 0.0.2

  tr46@0.0.3:
    resolution: {integrity: sha512-N3WMsuqV66lT30CrXNbEjx4GEwlow3v6rr4mCcv6prnfwhS01rkgyFdjPNBYd9br7LpXV1+Emh01fHnq2Gdgrw==}

  typescript@5.7.2:
    resolution: {integrity: sha512-i5t66RHxDvVN40HfDd1PsEThGNnlMCMT3jMUuoh9/0TaqWevNontacunWyN02LA9/fIbEWlcHZcgTKb9QoaLfg==}
    engines: {node: '>=14.17'}
    hasBin: true

  undici-types@5.26.5:
    resolution: {integrity: sha512-JlCMO+ehdEIKqlFxk6IfVoAUVmgz7cU7zD/h9XZ0qzeosSHmUJVOzSQvvYSYWXkFXC+IfLKSIffhv0sVZup6pA==}

  undici-types@6.20.0:
    resolution: {integrity: sha512-Ny6QZ2Nju20vw1SRHe3d9jVu6gJ+4e3+MMpqu7pqE5HT6WsTSlce++GQmK5UXS8mzV8DSYHrQH+Xrf2jVcuKNg==}

  webidl-conversions@3.0.1:
    resolution: {integrity: sha512-2JAn3z8AR6rjK8Sm8orRC0h/bcl/DqL7tRPdGZ4I1CjdF+EaMLmYxBHyXuKL849eucPFhvBoxMsflfOb8kxaeQ==}

  whatwg-url@5.0.0:
    resolution: {integrity: sha512-saE57nupxk6v3HY35+jzBwYa0rKSy0XR8JSxZPwgLr7ys0IBzhGviA1/TUGJLmSVqs8pb9AnvICXEuOHLprYTw==}

  ws@7.5.10:
    resolution: {integrity: sha512-+dbF1tHwZpXcbOJdVOkzLDxZP1ailvSxM6ZweXTegylPny803bFhA+vqBYw4s31NSAk4S2Qz+AKXK9a4wkdjcQ==}
    engines: {node: '>=8.3.0'}
    peerDependencies:
      bufferutil: ^4.0.1
      utf-8-validate: ^5.0.2
    peerDependenciesMeta:
      bufferutil:
        optional: true
      utf-8-validate:
        optional: true

snapshots:

  '@types/bun@1.1.14':
    dependencies:
      bun-types: 1.1.37

  '@types/dbus@1.0.9': {}

  '@types/discord-rpc@4.0.8':
    dependencies:
      '@types/events': 3.0.3

  '@types/events@3.0.3': {}

  '@types/node@20.12.14':
    dependencies:
      undici-types: 5.26.5

  '@types/node@22.10.0':
    dependencies:
      undici-types: 6.20.0

  '@types/ws@8.5.13':
    dependencies:
      '@types/node': 22.10.0

  bindings@1.5.0:
    dependencies:
      file-uri-to-path: 1.0.0
    optional: true

  bun-types@1.1.37:
    dependencies:
      '@types/node': 20.12.14
      '@types/ws': 8.5.13

  dbus@1.0.7:
    dependencies:
      nan: 2.22.0

  discord-rpc@https://codeload.github.com/mrhappyma/discord-rpc/tar.gz/bdca9080b0b04148fc5de94e0a2a8c0e3401e495:
    dependencies:
      node-fetch: 2.7.0
      ws: 7.5.10
    optionalDependencies:
      register-scheme: https://codeload.github.com/devsnek/node-register-scheme/tar.gz/e7cc9a63a1f512565da44cb57316d9fb10750e17
    transitivePeerDependencies:
      - bufferutil
      - encoding
      - utf-8-validate

  file-uri-to-path@1.0.0:
    optional: true

  nan@2.22.0: {}

  node-addon-api@1.7.2:
    optional: true

  node-fetch@2.7.0:
    dependencies:
      whatwg-url: 5.0.0

  register-scheme@https://codeload.github.com/devsnek/node-register-scheme/tar.gz/e7cc9a63a1f512565da44cb57316d9fb10750e17:
    dependencies:
      bindings: 1.5.0
      node-addon-api: 1.7.2
    optional: true

  tr46@0.0.3: {}

  typescript@5.7.2: {}

  undici-types@5.26.5: {}

  undici-types@6.20.0: {}

  webidl-conversions@3.0.1: {}

  whatwg-url@5.0.0:
    dependencies:
      tr46: 0.0.3
      webidl-conversions: 3.0.1

  ws@7.5.10: {}
